// !$*UTF8*$!
{
	archiveVersion = 1;
	classes = {
	};
	objectVersion = 56;
	objects = {

/* Begin PBXBuildFile section */
		DE4373392C11FA310094270D /* SwiftUI_MenuBar_GeminiApp.swift in Sources */ = {isa = PBXBuildFile; fileRef = DE4373382C11FA310094270D /* SwiftUI_MenuBar_GeminiApp.swift */; };
		DE43733D2C11FA330094270D /* Assets.xcassets in Resources */ = {isa = PBXBuildFile; fileRef = DE43733C2C11FA330094270D /* Assets.xcassets */; };
		DE4373402C11FA330094270D /* Preview Assets.xcassets in Resources */ = {isa = PBXBuildFile; fileRef = DE43733F2C11FA330094270D /* Preview Assets.xcassets */; };
		DE43734B2C11FA350094270D /* SwiftUI_MenuBar_GeminiTests.swift in Sources */ = {isa = PBXBuildFile; fileRef = DE43734A2C11FA350094270D /* SwiftUI_MenuBar_GeminiTests.swift */; };
		DE4373552C11FA350094270D /* SwiftUI_MenuBar_GeminiUITests.swift in Sources */ = {isa = PBXBuildFile; fileRef = DE4373542C11FA350094270D /* SwiftUI_MenuBar_GeminiUITests.swift */; };
		DE4373572C11FA350094270D /* SwiftUI_MenuBar_GeminiUITestsLaunchTests.swift in Sources */ = {isa = PBXBuildFile; fileRef = DE4373562C11FA350094270D /* SwiftUI_MenuBar_GeminiUITestsLaunchTests.swift */; };
		DE4373642C11FEF70094270D /* AppDelegate.swift in Sources */ = {isa = PBXBuildFile; fileRef = DE4373632C11FEF70094270D /* AppDelegate.swift */; };
		DE8A8BB22C171ACF003D617D /* MainView.swift in Sources */ = {isa = PBXBuildFile; fileRef = DE8A8BB12C171ACF003D617D /* MainView.swift */; };
		DE8A8BB42C171AEB003D617D /* ProgressBar.swift in Sources */ = {isa = PBXBuildFile; fileRef = DE8A8BB32C171AEB003D617D /* ProgressBar.swift */; };
		DE8A8BB62C171B29003D617D /* ProgressBarView.swift in Sources */ = {isa = PBXBuildFile; fileRef = DE8A8BB52C171B29003D617D /* ProgressBarView.swift */; };
		DE8A8BB82C171B3C003D617D /* ActionButtons.swift in Sources */ = {isa = PBXBuildFile; fileRef = DE8A8BB72C171B3C003D617D /* ActionButtons.swift */; };
		DE8A8BBA2C171B52003D617D /* CharacterView.swift in Sources */ = {isa = PBXBuildFile; fileRef = DE8A8BB92C171B52003D617D /* CharacterView.swift */; };
		DE8A8BBC2C171BA7003D617D /* CharacterViewModel.swift in Sources */ = {isa = PBXBuildFile; fileRef = DE8A8BBB2C171BA7003D617D /* CharacterViewModel.swift */; };
/* End PBXBuildFile section */

/* Begin PBXContainerItemProxy section */
		DE4373472C11FA350094270D /* PBXContainerItemProxy */ = {
			isa = PBXContainerItemProxy;
			containerPortal = DE43732D2C11FA310094270D /* Project object */;
			proxyType = 1;
			remoteGlobalIDString = DE4373342C11FA310094270D;
			remoteInfo = "SwiftUI-MenuBar-Gemini";
		};
		DE4373512C11FA350094270D /* PBXContainerItemProxy */ = {
			isa = PBXContainerItemProxy;
			containerPortal = DE43732D2C11FA310094270D /* Project object */;
			proxyType = 1;
			remoteGlobalIDString = DE4373342C11FA310094270D;
			remoteInfo = "SwiftUI-MenuBar-Gemini";
		};
/* End PBXContainerItemProxy section */

/* Begin PBXFileReference section */
		DE4373352C11FA310094270D /* SwiftUI-MenuBar-Gemini.app */ = {isa = PBXFileReference; explicitFileType = wrapper.application; includeInIndex = 0; path = "SwiftUI-MenuBar-Gemini.app"; sourceTree = BUILT_PRODUCTS_DIR; };
		DE4373382C11FA310094270D /* SwiftUI_MenuBar_GeminiApp.swift */ = {isa = PBXFileReference; lastKnownFileType = sourcecode.swift; path = SwiftUI_MenuBar_GeminiApp.swift; sourceTree = "<group>"; };
		DE43733C2C11FA330094270D /* Assets.xcassets */ = {isa = PBXFileReference; lastKnownFileType = folder.assetcatalog; path = Assets.xcassets; sourceTree = "<group>"; };
		DE43733F2C11FA330094270D /* Preview Assets.xcassets */ = {isa = PBXFileReference; lastKnownFileType = folder.assetcatalog; path = "Preview Assets.xcassets"; sourceTree = "<group>"; };
		DE4373412C11FA330094270D /* SwiftUI_MenuBar_Gemini.entitlements */ = {isa = PBXFileReference; lastKnownFileType = text.plist.entitlements; path = SwiftUI_MenuBar_Gemini.entitlements; sourceTree = "<group>"; };
		DE4373462C11FA350094270D /* SwiftUI-MenuBar-GeminiTests.xctest */ = {isa = PBXFileReference; explicitFileType = wrapper.cfbundle; includeInIndex = 0; path = "SwiftUI-MenuBar-GeminiTests.xctest"; sourceTree = BUILT_PRODUCTS_DIR; };
		DE43734A2C11FA350094270D /* SwiftUI_MenuBar_GeminiTests.swift */ = {isa = PBXFileReference; lastKnownFileType = sourcecode.swift; path = SwiftUI_MenuBar_GeminiTests.swift; sourceTree = "<group>"; };
		DE4373502C11FA350094270D /* SwiftUI-MenuBar-GeminiUITests.xctest */ = {isa = PBXFileReference; explicitFileType = wrapper.cfbundle; includeInIndex = 0; path = "SwiftUI-MenuBar-GeminiUITests.xctest"; sourceTree = BUILT_PRODUCTS_DIR; };
		DE4373542C11FA350094270D /* SwiftUI_MenuBar_GeminiUITests.swift */ = {isa = PBXFileReference; lastKnownFileType = sourcecode.swift; path = SwiftUI_MenuBar_GeminiUITests.swift; sourceTree = "<group>"; };
		DE4373562C11FA350094270D /* SwiftUI_MenuBar_GeminiUITestsLaunchTests.swift */ = {isa = PBXFileReference; lastKnownFileType = sourcecode.swift; path = SwiftUI_MenuBar_GeminiUITestsLaunchTests.swift; sourceTree = "<group>"; };
		DE4373632C11FEF70094270D /* AppDelegate.swift */ = {isa = PBXFileReference; lastKnownFileType = sourcecode.swift; path = AppDelegate.swift; sourceTree = "<group>"; };
		DE8A8BB12C171ACF003D617D /* MainView.swift */ = {isa = PBXFileReference; lastKnownFileType = sourcecode.swift; path = MainView.swift; sourceTree = "<group>"; };
		DE8A8BB32C171AEB003D617D /* ProgressBar.swift */ = {isa = PBXFileReference; lastKnownFileType = sourcecode.swift; path = ProgressBar.swift; sourceTree = "<group>"; };
		DE8A8BB52C171B29003D617D /* ProgressBarView.swift */ = {isa = PBXFileReference; lastKnownFileType = sourcecode.swift; path = ProgressBarView.swift; sourceTree = "<group>"; };
		DE8A8BB72C171B3C003D617D /* ActionButtons.swift */ = {isa = PBXFileReference; lastKnownFileType = sourcecode.swift; path = ActionButtons.swift; sourceTree = "<group>"; };
		DE8A8BB92C171B52003D617D /* CharacterView.swift */ = {isa = PBXFileReference; lastKnownFileType = sourcecode.swift; path = CharacterView.swift; sourceTree = "<group>"; };
		DE8A8BBB2C171BA7003D617D /* CharacterViewModel.swift */ = {isa = PBXFileReference; lastKnownFileType = sourcecode.swift; path = CharacterViewModel.swift; sourceTree = "<group>"; };
/* End PBXFileReference section */

/* Begin PBXFrameworksBuildPhase section */
		DE4373322C11FA310094270D /* Frameworks */ = {
			isa = PBXFrameworksBuildPhase;
			buildActionMask = 2147483647;
			files = (
			);
			runOnlyForDeploymentPostprocessing = 0;
		};
		DE4373432C11FA350094270D /* Frameworks */ = {
			isa = PBXFrameworksBuildPhase;
			buildActionMask = 2147483647;
			files = (
			);
			runOnlyForDeploymentPostprocessing = 0;
		};
		DE43734D2C11FA350094270D /* Frameworks */ = {
			isa = PBXFrameworksBuildPhase;
			buildActionMask = 2147483647;
			files = (
			);
			runOnlyForDeploymentPostprocessing = 0;
		};
/* End PBXFrameworksBuildPhase section */

/* Begin PBXGroup section */
		DE43732C2C11FA310094270D = {
			isa = PBXGroup;
			children = (
				DE4373372C11FA310094270D /* SwiftUI-MenuBar-Gemini */,
				DE4373492C11FA350094270D /* SwiftUI-MenuBar-GeminiTests */,
				DE4373532C11FA350094270D /* SwiftUI-MenuBar-GeminiUITests */,
				DE4373362C11FA310094270D /* Products */,
			);
			sourceTree = "<group>";
		};
		DE4373362C11FA310094270D /* Products */ = {
			isa = PBXGroup;
			children = (
				DE4373352C11FA310094270D /* SwiftUI-MenuBar-Gemini.app */,
				DE4373462C11FA350094270D /* SwiftUI-MenuBar-GeminiTests.xctest */,
				DE4373502C11FA350094270D /* SwiftUI-MenuBar-GeminiUITests.xctest */,
			);
			name = Products;
			sourceTree = "<group>";
		};
		DE4373372C11FA310094270D /* SwiftUI-MenuBar-Gemini */ = {
			isa = PBXGroup;
			children = (
				DE4373382C11FA310094270D /* SwiftUI_MenuBar_GeminiApp.swift */,
				DE8A8BB12C171ACF003D617D /* MainView.swift */,
				DE8A8BB32C171AEB003D617D /* ProgressBar.swift */,
				DE8A8BB52C171B29003D617D /* ProgressBarView.swift */,
				DE8A8BB92C171B52003D617D /* CharacterView.swift */,
				DE8A8BBB2C171BA7003D617D /* CharacterViewModel.swift */,
				DE8A8BB72C171B3C003D617D /* ActionButtons.swift */,
				DE43733C2C11FA330094270D /* Assets.xcassets */,
				DE4373632C11FEF70094270D /* AppDelegate.swift */,
				DE4373412C11FA330094270D /* SwiftUI_MenuBar_Gemini.entitlements */,
				DE43733E2C11FA330094270D /* Preview Content */,
			);
			path = "SwiftUI-MenuBar-Gemini";
			sourceTree = "<group>";
		};
		DE43733E2C11FA330094270D /* Preview Content */ = {
			isa = PBXGroup;
			children = (
				DE43733F2C11FA330094270D /* Preview Assets.xcassets */,
			);
			path = "Preview Content";
			sourceTree = "<group>";
		};
		DE4373492C11FA350094270D /* SwiftUI-MenuBar-GeminiTests */ = {
			isa = PBXGroup;
			children = (
				DE43734A2C11FA350094270D /* SwiftUI_MenuBar_GeminiTests.swift */,
			);
			path = "SwiftUI-MenuBar-GeminiTests";
			sourceTree = "<group>";
		};
		DE4373532C11FA350094270D /* SwiftUI-MenuBar-GeminiUITests */ = {
			isa = PBXGroup;
			children = (
				DE4373542C11FA350094270D /* SwiftUI_MenuBar_GeminiUITests.swift */,
				DE4373562C11FA350094270D /* SwiftUI_MenuBar_GeminiUITestsLaunchTests.swift */,
			);
			path = "SwiftUI-MenuBar-GeminiUITests";
			sourceTree = "<group>";
		};
/* End PBXGroup section */

/* Begin PBXNativeTarget section */
		DE4373342C11FA310094270D /* SwiftUI-MenuBar-Gemini */ = {
			isa = PBXNativeTarget;
			buildConfigurationList = DE43735A2C11FA350094270D /* Build configuration list for PBXNativeTarget "SwiftUI-MenuBar-Gemini" */;
			buildPhases = (
				DE4373312C11FA310094270D /* Sources */,
				DE4373322C11FA310094270D /* Frameworks */,
				DE4373332C11FA310094270D /* Resources */,
			);
			buildRules = (
			);
			dependencies = (
			);
			name = "SwiftUI-MenuBar-Gemini";
			productName = "SwiftUI-MenuBar-Gemini";
			productReference = DE4373352C11FA310094270D /* SwiftUI-MenuBar-Gemini.app */;
			productType = "com.apple.product-type.application";
		};
		DE4373452C11FA350094270D /* SwiftUI-MenuBar-GeminiTests */ = {
			isa = PBXNativeTarget;
			buildConfigurationList = DE43735D2C11FA350094270D /* Build configuration list for PBXNativeTarget "SwiftUI-MenuBar-GeminiTests" */;
			buildPhases = (
				DE4373422C11FA350094270D /* Sources */,
				DE4373432C11FA350094270D /* Frameworks */,
				DE4373442C11FA350094270D /* Resources */,
			);
			buildRules = (
			);
			dependencies = (
				DE4373482C11FA350094270D /* PBXTargetDependency */,
			);
			name = "SwiftUI-MenuBar-GeminiTests";
			productName = "SwiftUI-MenuBar-GeminiTests";
			productReference = DE4373462C11FA350094270D /* SwiftUI-MenuBar-GeminiTests.xctest */;
			productType = "com.apple.product-type.bundle.unit-test";
		};
		DE43734F2C11FA350094270D /* SwiftUI-MenuBar-GeminiUITests */ = {
			isa = PBXNativeTarget;
			buildConfigurationList = DE4373602C11FA350094270D /* Build configuration list for PBXNativeTarget "SwiftUI-MenuBar-GeminiUITests" */;
			buildPhases = (
				DE43734C2C11FA350094270D /* Sources */,
				DE43734D2C11FA350094270D /* Frameworks */,
				DE43734E2C11FA350094270D /* Resources */,
			);
			buildRules = (
			);
			dependencies = (
				DE4373522C11FA350094270D /* PBXTargetDependency */,
			);
			name = "SwiftUI-MenuBar-GeminiUITests";
			productName = "SwiftUI-MenuBar-GeminiUITests";
			productReference = DE4373502C11FA350094270D /* SwiftUI-MenuBar-GeminiUITests.xctest */;
			productType = "com.apple.product-type.bundle.ui-testing";
		};
/* End PBXNativeTarget section */

/* Begin PBXProject section */
		DE43732D2C11FA310094270D /* Project object */ = {
			isa = PBXProject;
			attributes = {
				BuildIndependentTargetsInParallel = 1;
				LastSwiftUpdateCheck = 1540;
				LastUpgradeCheck = 1540;
				TargetAttributes = {
					DE4373342C11FA310094270D = {
						CreatedOnToolsVersion = 15.4;
					};
					DE4373452C11FA350094270D = {
						CreatedOnToolsVersion = 15.4;
						TestTargetID = DE4373342C11FA310094270D;
					};
					DE43734F2C11FA350094270D = {
						CreatedOnToolsVersion = 15.4;
						TestTargetID = DE4373342C11FA310094270D;
					};
				};
			};
			buildConfigurationList = DE4373302C11FA310094270D /* Build configuration list for PBXProject "SwiftUI-MenuBar-Gemini" */;
			compatibilityVersion = "Xcode 14.0";
			developmentRegion = en;
			hasScannedForEncodings = 0;
			knownRegions = (
				en,
				Base,
			);
			mainGroup = DE43732C2C11FA310094270D;
			productRefGroup = DE4373362C11FA310094270D /* Products */;
			projectDirPath = "";
			projectRoot = "";
			targets = (
				DE4373342C11FA310094270D /* SwiftUI-MenuBar-Gemini */,
				DE4373452C11FA350094270D /* SwiftUI-MenuBar-GeminiTests */,
				DE43734F2C11FA350094270D /* SwiftUI-MenuBar-GeminiUITests */,
			);
		};
/* End PBXProject section */

/* Begin PBXResourcesBuildPhase section */
		DE4373332C11FA310094270D /* Resources */ = {
			isa = PBXResourcesBuildPhase;
			buildActionMask = 2147483647;
			files = (
				DE4373402C11FA330094270D /* Preview Assets.xcassets in Resources */,
				DE43733D2C11FA330094270D /* Assets.xcassets in Resources */,
			);
			runOnlyForDeploymentPostprocessing = 0;
		};
		DE4373442C11FA350094270D /* Resources */ = {
			isa = PBXResourcesBuildPhase;
			buildActionMask = 2147483647;
			files = (
			);
			runOnlyForDeploymentPostprocessing = 0;
		};
		DE43734E2C11FA350094270D /* Resources */ = {
			isa = PBXResourcesBuildPhase;
			buildActionMask = 2147483647;
			files = (
			);
			runOnlyForDeploymentPostprocessing = 0;
		};
/* End PBXResourcesBuildPhase section */

/* Begin PBXSourcesBuildPhase section */
		DE4373312C11FA310094270D /* Sources */ = {
			isa = PBXSourcesBuildPhase;
			buildActionMask = 2147483647;
			files = (
				DE8A8BB82C171B3C003D617D /* ActionButtons.swift in Sources */,
				DE4373642C11FEF70094270D /* AppDelegate.swift in Sources */,
				DE8A8BB62C171B29003D617D /* ProgressBarView.swift in Sources */,
				DE8A8BB22C171ACF003D617D /* MainView.swift in Sources */,
				DE8A8BBC2C171BA7003D617D /* CharacterViewModel.swift in Sources */,
				DE8A8BB42C171AEB003D617D /* ProgressBar.swift in Sources */,
				DE8A8BBA2C171B52003D617D /* CharacterView.swift in Sources */,
				DE4373392C11FA310094270D /* SwiftUI_MenuBar_GeminiApp.swift in Sources */,
			);
			runOnlyForDeploymentPostprocessing = 0;
		};
		DE4373422C11FA350094270D /* Sources */ = {
			isa = PBXSourcesBuildPhase;
			buildActionMask = 2147483647;
			files = (
				DE43734B2C11FA350094270D /* SwiftUI_MenuBar_GeminiTests.swift in Sources */,
			);
			runOnlyForDeploymentPostprocessing = 0;
		};
		DE43734C2C11FA350094270D /* Sources */ = {
			isa = PBXSourcesBuildPhase;
			buildActionMask = 2147483647;
			files = (
				DE4373572C11FA350094270D /* SwiftUI_MenuBar_GeminiUITestsLaunchTests.swift in Sources */,
				DE4373552C11FA350094270D /* SwiftUI_MenuBar_GeminiUITests.swift in Sources */,
			);
			runOnlyForDeploymentPostprocessing = 0;
		};
/* End PBXSourcesBuildPhase section */

/* Begin PBXTargetDependency section */
		DE4373482C11FA350094270D /* PBXTargetDependency */ = {
			isa = PBXTargetDependency;
			target = DE4373342C11FA310094270D /* SwiftUI-MenuBar-Gemini */;
			targetProxy = DE4373472C11FA350094270D /* PBXContainerItemProxy */;
		};
		DE4373522C11FA350094270D /* PBXTargetDependency */ = {
			isa = PBXTargetDependency;
			target = DE4373342C11FA310094270D /* SwiftUI-MenuBar-Gemini */;
			targetProxy = DE4373512C11FA350094270D /* PBXContainerItemProxy */;
		};
/* End PBXTargetDependency section */

/* Begin XCBuildConfiguration section */
		DE4373582C11FA350094270D /* Debug */ = {
			isa = XCBuildConfiguration;
			buildSettings = {
				ALWAYS_SEARCH_USER_PATHS = NO;
				ASSETCATALOG_COMPILER_GENERATE_SWIFT_ASSET_SYMBOL_EXTENSIONS = YES;
				CLANG_ANALYZER_NONNULL = YES;
				CLANG_ANALYZER_NUMBER_OBJECT_CONVERSION = YES_AGGRESSIVE;
				CLANG_CXX_LANGUAGE_STANDARD = "gnu++20";
				CLANG_ENABLE_MODULES = YES;
				CLANG_ENABLE_OBJC_ARC = YES;
				CLANG_ENABLE_OBJC_WEAK = YES;
				CLANG_WARN_BLOCK_CAPTURE_AUTORELEASING = YES;
				CLANG_WARN_BOOL_CONVERSION = YES;
				CLANG_WARN_COMMA = YES;
				CLANG_WARN_CONSTANT_CONVERSION = YES;
				CLANG_WARN_DEPRECATED_OBJC_IMPLEMENTATIONS = YES;
				CLANG_WARN_DIRECT_OBJC_ISA_USAGE = YES_ERROR;
				CLANG_WARN_DOCUMENTATION_COMMENTS = YES;
				CLANG_WARN_EMPTY_BODY = YES;
				CLANG_WARN_ENUM_CONVERSION = YES;
				CLANG_WARN_INFINITE_RECURSION = YES;
				CLANG_WARN_INT_CONVERSION = YES;
				CLANG_WARN_NON_LITERAL_NULL_CONVERSION = YES;
				CLANG_WARN_OBJC_IMPLICIT_RETAIN_SELF = YES;
				CLANG_WARN_OBJC_LITERAL_CONVERSION = YES;
				CLANG_WARN_OBJC_ROOT_CLASS = YES_ERROR;
				CLANG_WARN_QUOTED_INCLUDE_IN_FRAMEWORK_HEADER = YES;
				CLANG_WARN_RANGE_LOOP_ANALYSIS = YES;
				CLANG_WARN_STRICT_PROTOTYPES = YES;
				CLANG_WARN_SUSPICIOUS_MOVE = YES;
				CLANG_WARN_UNGUARDED_AVAILABILITY = YES_AGGRESSIVE;
				CLANG_WARN_UNREACHABLE_CODE = YES;
				CLANG_WARN__DUPLICATE_METHOD_MATCH = YES;
				COPY_PHASE_STRIP = NO;
				DEBUG_INFORMATION_FORMAT = dwarf;
				ENABLE_STRICT_OBJC_MSGSEND = YES;
				ENABLE_TESTABILITY = YES;
				ENABLE_USER_SCRIPT_SANDBOXING = YES;
				GCC_C_LANGUAGE_STANDARD = gnu17;
				GCC_DYNAMIC_NO_PIC = NO;
				GCC_NO_COMMON_BLOCKS = YES;
				GCC_OPTIMIZATION_LEVEL = 0;
				GCC_PREPROCESSOR_DEFINITIONS = (
					"DEBUG=1",
					"$(inherited)",
				);
				GCC_WARN_64_TO_32_BIT_CONVERSION = YES;
				GCC_WARN_ABOUT_RETURN_TYPE = YES_ERROR;
				GCC_WARN_UNDECLARED_SELECTOR = YES;
				GCC_WARN_UNINITIALIZED_AUTOS = YES_AGGRESSIVE;
				GCC_WARN_UNUSED_FUNCTION = YES;
				GCC_WARN_UNUSED_VARIABLE = YES;
				LOCALIZATION_PREFERS_STRING_CATALOGS = YES;
				MACOSX_DEPLOYMENT_TARGET = 14.5;
				MTL_ENABLE_DEBUG_INFO = INCLUDE_SOURCE;
				MTL_FAST_MATH = YES;
				ONLY_ACTIVE_ARCH = YES;
				SDKROOT = macosx;
				SWIFT_ACTIVE_COMPILATION_CONDITIONS = "DEBUG $(inherited)";
				SWIFT_OPTIMIZATION_LEVEL = "-Onone";
			};
			name = Debug;
		};
		DE4373592C11FA350094270D /* Release */ = {
			isa = XCBuildConfiguration;
			buildSettings = {
				ALWAYS_SEARCH_USER_PATHS = NO;
				ASSETCATALOG_COMPILER_GENERATE_SWIFT_ASSET_SYMBOL_EXTENSIONS = YES;
				CLANG_ANALYZER_NONNULL = YES;
				CLANG_ANALYZER_NUMBER_OBJECT_CONVERSION = YES_AGGRESSIVE;
				CLANG_CXX_LANGUAGE_STANDARD = "gnu++20";
				CLANG_ENABLE_MODULES = YES;
				CLANG_ENABLE_OBJC_ARC = YES;
				CLANG_ENABLE_OBJC_WEAK = YES;
				CLANG_WARN_BLOCK_CAPTURE_AUTORELEASING = YES;
				CLANG_WARN_BOOL_CONVERSION = YES;
				CLANG_WARN_COMMA = YES;
				CLANG_WARN_CONSTANT_CONVERSION = YES;
				CLANG_WARN_DEPRECATED_OBJC_IMPLEMENTATIONS = YES;
				CLANG_WARN_DIRECT_OBJC_ISA_USAGE = YES_ERROR;
				CLANG_WARN_DOCUMENTATION_COMMENTS = YES;
				CLANG_WARN_EMPTY_BODY = YES;
				CLANG_WARN_ENUM_CONVERSION = YES;
				CLANG_WARN_INFINITE_RECURSION = YES;
				CLANG_WARN_INT_CONVERSION = YES;
				CLANG_WARN_NON_LITERAL_NULL_CONVERSION = YES;
				CLANG_WARN_OBJC_IMPLICIT_RETAIN_SELF = YES;
				CLANG_WARN_OBJC_LITERAL_CONVERSION = YES;
				CLANG_WARN_OBJC_ROOT_CLASS = YES_ERROR;
				CLANG_WARN_QUOTED_INCLUDE_IN_FRAMEWORK_HEADER = YES;
				CLANG_WARN_RANGE_LOOP_ANALYSIS = YES;
				CLANG_WARN_STRICT_PROTOTYPES = YES;
				CLANG_WARN_SUSPICIOUS_MOVE = YES;
				CLANG_WARN_UNGUARDED_AVAILABILITY = YES_AGGRESSIVE;
				CLANG_WARN_UNREACHABLE_CODE = YES;
				CLANG_WARN__DUPLICATE_METHOD_MATCH = YES;
				COPY_PHASE_STRIP = NO;
				DEBUG_INFORMATION_FORMAT = "dwarf-with-dsym";
				ENABLE_NS_ASSERTIONS = NO;
				ENABLE_STRICT_OBJC_MSGSEND = YES;
				ENABLE_USER_SCRIPT_SANDBOXING = YES;
				GCC_C_LANGUAGE_STANDARD = gnu17;
				GCC_NO_COMMON_BLOCKS = YES;
				GCC_WARN_64_TO_32_BIT_CONVERSION = YES;
				GCC_WARN_ABOUT_RETURN_TYPE = YES_ERROR;
				GCC_WARN_UNDECLARED_SELECTOR = YES;
				GCC_WARN_UNINITIALIZED_AUTOS = YES_AGGRESSIVE;
				GCC_WARN_UNUSED_FUNCTION = YES;
				GCC_WARN_UNUSED_VARIABLE = YES;
				LOCALIZATION_PREFERS_STRING_CATALOGS = YES;
				MACOSX_DEPLOYMENT_TARGET = 14.5;
				MTL_ENABLE_DEBUG_INFO = NO;
				MTL_FAST_MATH = YES;
				SDKROOT = macosx;
				SWIFT_COMPILATION_MODE = wholemodule;
			};
			name = Release;
		};
		DE43735B2C11FA350094270D /* Debug */ = {
			isa = XCBuildConfiguration;
			buildSettings = {
				ASSETCATALOG_COMPILER_APPICON_NAME = AppIcon;
				ASSETCATALOG_COMPILER_GLOBAL_ACCENT_COLOR_NAME = AccentColor;
				CODE_SIGN_ENTITLEMENTS = "SwiftUI-MenuBar-Gemini/SwiftUI_MenuBar_Gemini.entitlements";
				CODE_SIGN_STYLE = Automatic;
				COMBINE_HIDPI_IMAGES = YES;
				CURRENT_PROJECT_VERSION = 1;
				DEVELOPMENT_ASSET_PATHS = "\"SwiftUI-MenuBar-Gemini/Preview Content\"";
				DEVELOPMENT_TEAM = 68F98469N9;
				ENABLE_HARDENED_RUNTIME = YES;
				ENABLE_PREVIEWS = YES;
				GENERATE_INFOPLIST_FILE = YES;
				INFOPLIST_KEY_NSHumanReadableCopyright = "";
				LD_RUNPATH_SEARCH_PATHS = (
					"$(inherited)",
					"@executable_path/../Frameworks",
				);
				MARKETING_VERSION = 1.0;
				PRODUCT_BUNDLE_IDENTIFIER = "com.SwiftUI-MenuBar-Gemini";
				PRODUCT_NAME = "$(TARGET_NAME)";
				SWIFT_EMIT_LOC_STRINGS = YES;
				SWIFT_VERSION = 5.0;
			};
			name = Debug;
		};
		DE43735C2C11FA350094270D /* Release */ = {
			isa = XCBuildConfiguration;
			buildSettings = {
				ASSETCATALOG_COMPILER_APPICON_NAME = AppIcon;
				ASSETCATALOG_COMPILER_GLOBAL_ACCENT_COLOR_NAME = AccentColor;
				CODE_SIGN_ENTITLEMENTS = "SwiftUI-MenuBar-Gemini/SwiftUI_MenuBar_Gemini.entitlements";
				CODE_SIGN_STYLE = Automatic;
				COMBINE_HIDPI_IMAGES = YES;
				CURRENT_PROJECT_VERSION = 1;
				DEVELOPMENT_ASSET_PATHS = "\"SwiftUI-MenuBar-Gemini/Preview Content\"";
				DEVELOPMENT_TEAM = 68F98469N9;
				ENABLE_HARDENED_RUNTIME = YES;
				ENABLE_PREVIEWS = YES;
				GENERATE_INFOPLIST_FILE = YES;
				INFOPLIST_KEY_NSHumanReadableCopyright = "";
				LD_RUNPATH_SEARCH_PATHS = (
					"$(inherited)",
					"@executable_path/../Frameworks",
				);
				MARKETING_VERSION = 1.0;
				PRODUCT_BUNDLE_IDENTIFIER = "com.SwiftUI-MenuBar-Gemini";
				PRODUCT_NAME = "$(TARGET_NAME)";
				SWIFT_EMIT_LOC_STRINGS = YES;
				SWIFT_VERSION = 5.0;
			};
			name = Release;
		};
		DE43735E2C11FA350094270D /* Debug */ = {
			isa = XCBuildConfiguration;
			buildSettings = {
				ALWAYS_EMBED_SWIFT_STANDARD_LIBRARIES = YES;
				BUNDLE_LOADER = "$(TEST_HOST)";
				CODE_SIGN_STYLE = Automatic;
				CURRENT_PROJECT_VERSION = 1;
				DEVELOPMENT_TEAM = 68F98469N9;
				GENERATE_INFOPLIST_FILE = YES;
				MACOSX_DEPLOYMENT_TARGET = 14.5;
				MARKETING_VERSION = 1.0;
				PRODUCT_BUNDLE_IDENTIFIER = "com.SwiftUI-MenuBar-GeminiTests";
				PRODUCT_NAME = "$(TARGET_NAME)";
				SWIFT_EMIT_LOC_STRINGS = NO;
				SWIFT_VERSION = 5.0;
				TEST_HOST = "$(BUILT_PRODUCTS_DIR)/SwiftUI-MenuBar-Gemini.app/$(BUNDLE_EXECUTABLE_FOLDER_PATH)/SwiftUI-MenuBar-Gemini";
			};
			name = Debug;
		};
		DE43735F2C11FA350094270D /* Release */ = {
			isa = XCBuildConfiguration;
			buildSettings = {
				ALWAYS_EMBED_SWIFT_STANDARD_LIBRARIES = YES;
				BUNDLE_LOADER = "$(TEST_HOST)";
				CODE_SIGN_STYLE = Automatic;
				CURRENT_PROJECT_VERSION = 1;
				DEVELOPMENT_TEAM = 68F98469N9;
				GENERATE_INFOPLIST_FILE = YES;
				MACOSX_DEPLOYMENT_TARGET = 14.5;
				MARKETING_VERSION = 1.0;
				PRODUCT_BUNDLE_IDENTIFIER = "com.SwiftUI-MenuBar-GeminiTests";
				PRODUCT_NAME = "$(TARGET_NAME)";
				SWIFT_EMIT_LOC_STRINGS = NO;
				SWIFT_VERSION = 5.0;
				TEST_HOST = "$(BUILT_PRODUCTS_DIR)/SwiftUI-MenuBar-Gemini.app/$(BUNDLE_EXECUTABLE_FOLDER_PATH)/SwiftUI-MenuBar-Gemini";
			};
			name = Release;
		};
		DE4373612C11FA350094270D /* Debug */ = {
			isa = XCBuildConfiguration;
			buildSettings = {
				ALWAYS_EMBED_SWIFT_STANDARD_LIBRARIES = YES;
				CODE_SIGN_STYLE = Automatic;
				CURRENT_PROJECT_VERSION = 1;
				DEVELOPMENT_TEAM = 68F98469N9;
				GENERATE_INFOPLIST_FILE = YES;
				MARKETING_VERSION = 1.0;
				PRODUCT_BUNDLE_IDENTIFIER = "com.SwiftUI-MenuBar-GeminiUITests";
				PRODUCT_NAME = "$(TARGET_NAME)";
				SWIFT_EMIT_LOC_STRINGS = NO;
				SWIFT_VERSION = 5.0;
				TEST_TARGET_NAME = "SwiftUI-MenuBar-Gemini";
			};
			name = Debug;
		};
		DE4373622C11FA350094270D /* Release */ = {
			isa = XCBuildConfiguration;
			buildSettings = {
				ALWAYS_EMBED_SWIFT_STANDARD_LIBRARIES = YES;
				CODE_SIGN_STYLE = Automatic;
				CURRENT_PROJECT_VERSION = 1;
				DEVELOPMENT_TEAM = 68F98469N9;
				GENERATE_INFOPLIST_FILE = YES;
				MARKETING_VERSION = 1.0;
				PRODUCT_BUNDLE_IDENTIFIER = "com.SwiftUI-MenuBar-GeminiUITests";
				PRODUCT_NAME = "$(TARGET_NAME)";
				SWIFT_EMIT_LOC_STRINGS = NO;
				SWIFT_VERSION = 5.0;
				TEST_TARGET_NAME = "SwiftUI-MenuBar-Gemini";
			};
			name = Release;
		};
/* End XCBuildConfiguration section */

/* Begin XCConfigurationList section */
		DE4373302C11FA310094270D /* Build configuration list for PBXProject "SwiftUI-MenuBar-Gemini" */ = {
			isa = XCConfigurationList;
			buildConfigurations = (
				DE4373582C11FA350094270D /* Debug */,
				DE4373592C11FA350094270D /* Release */,
			);
			defaultConfigurationIsVisible = 0;
			defaultConfigurationName = Release;
		};
		DE43735A2C11FA350094270D /* Build configuration list for PBXNativeTarget "SwiftUI-MenuBar-Gemini" */ = {
			isa = XCConfigurationList;
			buildConfigurations = (
				DE43735B2C11FA350094270D /* Debug */,
				DE43735C2C11FA350094270D /* Release */,
			);
			defaultConfigurationIsVisible = 0;
			defaultConfigurationName = Release;
		};
		DE43735D2C11FA350094270D /* Build configuration list for PBXNativeTarget "SwiftUI-MenuBar-GeminiTests" */ = {
			isa = XCConfigurationList;
			buildConfigurations = (
				DE43735E2C11FA350094270D /* Debug */,
				DE43735F2C11FA350094270D /* Release */,
			);
			defaultConfigurationIsVisible = 0;
			defaultConfigurationName = Release;
		};
		DE4373602C11FA350094270D /* Build configuration list for PBXNativeTarget "SwiftUI-MenuBar-GeminiUITests" */ = {
			isa = XCConfigurationList;
			buildConfigurations = (
				DE4373612C11FA350094270D /* Debug */,
				DE4373622C11FA350094270D /* Release */,
			);
			defaultConfigurationIsVisible = 0;
			defaultConfigurationName = Release;
		};
/* End XCConfigurationList section */
	};
	rootObject = DE43732D2C11FA310094270D /* Project object */;
}
